
Microsoft Visual Studio Solution File, Format Version 12.00
# Visual Studio Version 17
VisualStudioVersion = 17.0.31903.59
MinimumVisualStudioVersion = 10.0.40219.1
Project("{FAE04EC0-301F-11D3-BF4B-00C04F79EFBC}") = "MelodyTrack.Web", "MelodyTrack.Web\MelodyTrack.Web.csproj", "{8545407E-05B7-4F69-9A8A-025E63474DD6}"
EndProject
Project("{FAE04EC0-301F-11D3-BF4B-00C04F79EFBC}") = "MelodyTrack.Common", "MelodyTrack.Common\MelodyTrack.Common.csproj", "{DAAEE627-6691-46EE-B68D-3F09C04824EA}"
EndProject
Global
	GlobalSection(SolutionConfigurationPlatforms) = preSolution
		Debug|Any CPU = Debug|Any CPU
		Release|Any CPU = Release|Any CPU
	EndGlobalSection
	GlobalSection(SolutionProperties) = preSolution
		HideSolutionNode = FALSE
	EndGlobalSection
	GlobalSection(ProjectConfigurationPlatforms) = postSolution
		{8545407E-05B7-4F69-9A8A-025E63474DD6}.Debug|Any CPU.ActiveCfg = Debug|Any CPU
		{8545407E-05B7-4F69-9A8A-025E63474DD6}.Debug|Any CPU.Build.0 = Debug|Any CPU
		{8545407E-05B7-4F69-9A8A-025E63474DD6}.Release|Any CPU.ActiveCfg = Release|Any CPU
		{8545407E-05B7-4F69-9A8A-025E63474DD6}.Release|Any CPU.Build.0 = Release|Any CPU
		{DAAEE627-6691-46EE-B68D-3F09C04824EA}.Debug|Any CPU.ActiveCfg = Debug|Any CPU
		{DAAEE627-6691-46EE-B68D-3F09C04824EA}.Debug|Any CPU.Build.0 = Debug|Any CPU
		{DAAEE627-6691-46EE-B68D-3F09C04824EA}.Release|Any CPU.ActiveCfg = Release|Any CPU
		{DAAEE627-6691-46EE-B68D-3F09C04824EA}.Release|Any CPU.Build.0 = Release|Any CPU
	EndGlobalSection
EndGlobal
